
Microsoft Visual Studio Solution File, Format Version 12.00
# Visual Studio 15
VisualStudioVersion = 15.0.28307.438
MinimumVisualStudioVersion = 10.0.40219.1
Project("{FAE04EC0-301F-11D3-BF4B-00C04F79EFBC}") = "NZTravel2.Android", "NZTravel2\NZTravel2.Android\NZTravel2.Android.csproj", "{D4A4B708-FD62-4EB2-8A5C-E68DE15E461A}"
EndProject
Project("{FAE04EC0-301F-11D3-BF4B-00C04F79EFBC}") = "NZTravel2.iOS", "NZTravel2\NZTravel2.iOS\NZTravel2.iOS.csproj", "{F199AE62-4EAC-4F12-B25D-4BF862B348DE}"
EndProject
Project("{9A19103F-16F7-4668-BE54-9A1E7A4F7556}") = "NZTravel2", "NZTravel2\NZTravel2\NZTravel2.csproj", "{ABCB9D7B-E5CC-4C0E-8DDC-9E638D243590}"
EndProject
Project("{FAE04EC0-301F-11D3-BF4B-00C04F79EFBC}") = "NZTravelTest", "NZTravelTest\NZTravelTest.csproj", "{A58EA0EB-20AD-4235-A0F1-8F8EC1899889}"
EndProject
Global
	GlobalSection(SolutionConfigurationPlatforms) = preSolution
		Ad-Hoc|Any CPU = Ad-Hoc|Any CPU
		Ad-Hoc|iPhone = Ad-Hoc|iPhone
		Ad-Hoc|iPhoneSimulator = Ad-Hoc|iPhoneSimulator
		AppStore|Any CPU = AppStore|Any CPU
		AppStore|iPhone = AppStore|iPhone
		AppStore|iPhoneSimulator = AppStore|iPhoneSimulator
		Debug|Any CPU = Debug|Any CPU
		Debug|iPhone = Debug|iPhone
		Debug|iPhoneSimulator = Debug|iPhoneSimulator
		Release|Any CPU = Release|Any CPU
		Release|iPhone = Release|iPhone
		Release|iPhoneSimulator = Release|iPhoneSimulator
	EndGlobalSection
	GlobalSection(ProjectConfigurationPlatforms) = postSolution
		{D4A4B708-FD62-4EB2-8A5C-E68DE15E461A}.Ad-Hoc|Any CPU.ActiveCfg = Release|Any CPU
		{D4A4B708-FD62-4EB2-8A5C-E68DE15E461A}.Ad-Hoc|Any CPU.Build.0 = Release|Any CPU
		{D4A4B708-FD62-4EB2-8A5C-E68DE15E461A}.Ad-Hoc|Any CPU.Deploy.0 = Release|Any CPU
		{D4A4B708-FD62-4EB2-8A5C-E68DE15E461A}.Ad-Hoc|iPhone.ActiveCfg = Release|Any CPU
		{D4A4B708-FD62-4EB2-8A5C-E68DE15E461A}.Ad-Hoc|iPhone.Build.0 = Release|Any CPU
		{D4A4B708-FD62-4EB2-8A5C-E68DE15E461A}.Ad-Hoc|iPhone.Deploy.0 = Release|Any CPU
		{D4A4B708-FD62-4EB2-8A5C-E68DE15E461A}.Ad-Hoc|iPhoneSimulator.ActiveCfg = Release|Any CPU
		{D4A4B708-FD62-4EB2-8A5C-E68DE15E461A}.Ad-Hoc|iPhoneSimulator.Build.0 = Release|Any CPU
		{D4A4B708-FD62-4EB2-8A5C-E68DE15E461A}.Ad-Hoc|iPhoneSimulator.Deploy.0 = Release|Any CPU
		{D4A4B708-FD62-4EB2-8A5C-E68DE15E461A}.AppStore|Any CPU.ActiveCfg = Release|Any CPU
		{D4A4B708-FD62-4EB2-8A5C-E68DE15E461A}.AppStore|Any CPU.Build.0 = Release|Any CPU
		{D4A4B708-FD62-4EB2-8A5C-E68DE15E461A}.AppStore|Any CPU.Deploy.0 = Release|Any CPU
		{D4A4B708-FD62-4EB2-8A5C-E68DE15E461A}.AppStore|iPhone.ActiveCfg = Release|Any CPU
		{D4A4B708-FD62-4EB2-8A5C-E68DE15E461A}.AppStore|iPhone.Build.0 = Release|Any CPU
		{D4A4B708-FD62-4EB2-8A5C-E68DE15E461A}.AppStore|iPhone.Deploy.0 = Release|Any CPU
		{D4A4B708-FD62-4EB2-8A5C-E68DE15E461A}.AppStore|iPhoneSimulator.ActiveCfg = Release|Any CPU
		{D4A4B708-FD62-4EB2-8A5C-E68DE15E461A}.AppStore|iPhoneSimulator.Build.0 = Release|Any CPU
		{D4A4B708-FD62-4EB2-8A5C-E68DE15E461A}.AppStore|iPhoneSimulator.Deploy.0 = Release|Any CPU
		{D4A4B708-FD62-4EB2-8A5C-E68DE15E461A}.Debug|Any CPU.ActiveCfg = Debug|Any CPU
		{D4A4B708-FD62-4EB2-8A5C-E68DE15E461A}.Debug|Any CPU.Build.0 = Debug|Any CPU
		{D4A4B708-FD62-4EB2-8A5C-E68DE15E461A}.Debug|Any CPU.Deploy.0 = Debug|Any CPU
		{D4A4B708-FD62-4EB2-8A5C-E68DE15E461A}.Debug|iPhone.ActiveCfg = Debug|Any CPU
		{D4A4B708-FD62-4EB2-8A5C-E68DE15E461A}.Debug|iPhone.Build.0 = Debug|Any CPU
		{D4A4B708-FD62-4EB2-8A5C-E68DE15E461A}.Debug|iPhone.Deploy.0 = Debug|Any CPU
		{D4A4B708-FD62-4EB2-8A5C-E68DE15E461A}.Debug|iPhoneSimulator.ActiveCfg = Debug|Any CPU
		{D4A4B708-FD62-4EB2-8A5C-E68DE15E461A}.Debug|iPhoneSimulator.Build.0 = Debug|Any CPU
		{D4A4B708-FD62-4EB2-8A5C-E68DE15E461A}.Debug|iPhoneSimulator.Deploy.0 = Debug|Any CPU
		{D4A4B708-FD62-4EB2-8A5C-E68DE15E461A}.Release|Any CPU.ActiveCfg = Release|Any CPU
		{D4A4B708-FD62-4EB2-8A5C-E68DE15E461A}.Release|Any CPU.Build.0 = Release|Any CPU
		{D4A4B708-FD62-4EB2-8A5C-E68DE15E461A}.Release|Any CPU.Deploy.0 = Release|Any CPU
		{D4A4B708-FD62-4EB2-8A5C-E68DE15E461A}.Release|iPhone.ActiveCfg = Release|Any CPU
		{D4A4B708-FD62-4EB2-8A5C-E68DE15E461A}.Release|iPhone.Build.0 = Release|Any CPU
		{D4A4B708-FD62-4EB2-8A5C-E68DE15E461A}.Release|iPhone.Deploy.0 = Release|Any CPU
		{D4A4B708-FD62-4EB2-8A5C-E68DE15E461A}.Release|iPhoneSimulator.ActiveCfg = Release|Any CPU
		{D4A4B708-FD62-4EB2-8A5C-E68DE15E461A}.Release|iPhoneSimulator.Build.0 = Release|Any CPU
		{D4A4B708-FD62-4EB2-8A5C-E68DE15E461A}.Release|iPhoneSimulator.Deploy.0 = Release|Any CPU
		{F199AE62-4EAC-4F12-B25D-4BF862B348DE}.Ad-Hoc|Any CPU.ActiveCfg = Ad-Hoc|iPhone
		{F199AE62-4EAC-4F12-B25D-4BF862B348DE}.Ad-Hoc|Any CPU.Build.0 = Ad-Hoc|iPhone
		{F199AE62-4EAC-4F12-B25D-4BF862B348DE}.Ad-Hoc|Any CPU.Deploy.0 = Ad-Hoc|iPhone
		{F199AE62-4EAC-4F12-B25D-4BF862B348DE}.Ad-Hoc|iPhone.ActiveCfg = Ad-Hoc|iPhone
		{F199AE62-4EAC-4F12-B25D-4BF862B348DE}.Ad-Hoc|iPhone.Build.0 = Ad-Hoc|iPhone
		{F199AE62-4EAC-4F12-B25D-4BF862B348DE}.Ad-Hoc|iPhone.Deploy.0 = Ad-Hoc|iPhone
		{F199AE62-4EAC-4F12-B25D-4BF862B348DE}.Ad-Hoc|iPhoneSimulator.ActiveCfg = Ad-Hoc|iPhoneSimulator
		{F199AE62-4EAC-4F12-B25D-4BF862B348DE}.Ad-Hoc|iPhoneSimulator.Build.0 = Ad-Hoc|iPhoneSimulator
		{F199AE62-4EAC-4F12-B25D-4BF862B348DE}.Ad-Hoc|iPhoneSimulator.Deploy.0 = Ad-Hoc|iPhoneSimulator
		{F199AE62-4EAC-4F12-B25D-4BF862B348DE}.AppStore|Any CPU.ActiveCfg = AppStore|iPhone
		{F199AE62-4EAC-4F12-B25D-4BF862B348DE}.AppStore|Any CPU.Build.0 = AppStore|iPhone
		{F199AE62-4EAC-4F12-B25D-4BF862B348DE}.AppStore|Any CPU.Deploy.0 = AppStore|iPhone
		{F199AE62-4EAC-4F12-B25D-4BF862B348DE}.AppStore|iPhone.ActiveCfg = AppStore|iPhone
		{F199AE62-4EAC-4F12-B25D-4BF862B348DE}.AppStore|iPhone.Build.0 = AppStore|iPhone
		{F199AE62-4EAC-4F12-B25D-4BF862B348DE}.AppStore|iPhone.Deploy.0 = AppStore|iPhone
		{F199AE62-4EAC-4F12-B25D-4BF862B348DE}.AppStore|iPhoneSimulator.ActiveCfg = AppStore|iPhoneSimulator
		{F199AE62-4EAC-4F12-B25D-4BF862B348DE}.AppStore|iPhoneSimulator.Build.0 = AppStore|iPhoneSimulator
		{F199AE62-4EAC-4F12-B25D-4BF862B348DE}.AppStore|iPhoneSimulator.Deploy.0 = AppStore|iPhoneSimulator
		{F199AE62-4EAC-4F12-B25D-4BF862B348DE}.Debug|Any CPU.ActiveCfg = Debug|iPhoneSimulator
		{F199AE62-4EAC-4F12-B25D-4BF862B348DE}.Debug|Any CPU.Build.0 = Debug|iPhoneSimulator
		{F199AE62-4EAC-4F12-B25D-4BF862B348DE}.Debug|Any CPU.Deploy.0 = Debug|iPhoneSimulator
		{F199AE62-4EAC-4F12-B25D-4BF862B348DE}.Debug|iPhone.ActiveCfg = Debug|iPhone
		{F199AE62-4EAC-4F12-B25D-4BF862B348DE}.Debug|iPhone.Build.0 = Debug|iPhone
		{F199AE62-4EAC-4F12-B25D-4BF862B348DE}.Debug|iPhone.Deploy.0 = Debug|iPhone
		{F199AE62-4EAC-4F12-B25D-4BF862B348DE}.Debug|iPhoneSimulator.ActiveCfg = Debug|iPhoneSimulator
		{F199AE62-4EAC-4F12-B25D-4BF862B348DE}.Debug|iPhoneSimulator.Build.0 = Debug|iPhoneSimulator
		{F199AE62-4EAC-4F12-B25D-4BF862B348DE}.Debug|iPhoneSimulator.Deploy.0 = Debug|iPhoneSimulator
		{F199AE62-4EAC-4F12-B25D-4BF862B348DE}.Release|Any CPU.ActiveCfg = Release|iPhone
		{F199AE62-4EAC-4F12-B25D-4BF862B348DE}.Release|Any CPU.Build.0 = Release|iPhone
		{F199AE62-4EAC-4F12-B25D-4BF862B348DE}.Release|Any CPU.Deploy.0 = Release|iPhone
		{F199AE62-4EAC-4F12-B25D-4BF862B348DE}.Release|iPhone.ActiveCfg = Release|iPhone
		{F199AE62-4EAC-4F12-B25D-4BF862B348DE}.Release|iPhone.Build.0 = Release|iPhone
		{F199AE62-4EAC-4F12-B25D-4BF862B348DE}.Release|iPhone.Deploy.0 = Release|iPhone
		{F199AE62-4EAC-4F12-B25D-4BF862B348DE}.Release|iPhoneSimulator.ActiveCfg = Release|iPhoneSimulator
		{F199AE62-4EAC-4F12-B25D-4BF862B348DE}.Release|iPhoneSimulator.Build.0 = Release|iPhoneSimulator
		{F199AE62-4EAC-4F12-B25D-4BF862B348DE}.Release|iPhoneSimulator.Deploy.0 = Release|iPhoneSimulator
		{ABCB9D7B-E5CC-4C0E-8DDC-9E638D243590}.Ad-Hoc|Any CPU.ActiveCfg = Debug|Any CPU
		{ABCB9D7B-E5CC-4C0E-8DDC-9E638D243590}.Ad-Hoc|Any CPU.Build.0 = Debug|Any CPU
		{ABCB9D7B-E5CC-4C0E-8DDC-9E638D243590}.Ad-Hoc|Any CPU.Deploy.0 = Debug|Any CPU
		{ABCB9D7B-E5CC-4C0E-8DDC-9E638D243590}.Ad-Hoc|iPhone.ActiveCfg = Debug|Any CPU
		{ABCB9D7B-E5CC-4C0E-8DDC-9E638D243590}.Ad-Hoc|iPhone.Build.0 = Debug|Any CPU
		{ABCB9D7B-E5CC-4C0E-8DDC-9E638D243590}.Ad-Hoc|iPhone.Deploy.0 = Debug|Any CPU
		{ABCB9D7B-E5CC-4C0E-8DDC-9E638D243590}.Ad-Hoc|iPhoneSimulator.ActiveCfg = Debug|Any CPU
		{ABCB9D7B-E5CC-4C0E-8DDC-9E638D243590}.Ad-Hoc|iPhoneSimulator.Build.0 = Debug|Any CPU
		{ABCB9D7B-E5CC-4C0E-8DDC-9E638D243590}.Ad-Hoc|iPhoneSimulator.Deploy.0 = Debug|Any CPU
		{ABCB9D7B-E5CC-4C0E-8DDC-9E638D243590}.AppStore|Any CPU.ActiveCfg = Debug|Any CPU
		{ABCB9D7B-E5CC-4C0E-8DDC-9E638D243590}.AppStore|Any CPU.Build.0 = Debug|Any CPU
		{ABCB9D7B-E5CC-4C0E-8DDC-9E638D243590}.AppStore|Any CPU.Deploy.0 = Debug|Any CPU
		{ABCB9D7B-E5CC-4C0E-8DDC-9E638D243590}.AppStore|iPhone.ActiveCfg = Debug|Any CPU
		{ABCB9D7B-E5CC-4C0E-8DDC-9E638D243590}.AppStore|iPhone.Build.0 = Debug|Any CPU
		{ABCB9D7B-E5CC-4C0E-8DDC-9E638D243590}.AppStore|iPhone.Deploy.0 = Debug|Any CPU
		{ABCB9D7B-E5CC-4C0E-8DDC-9E638D243590}.AppStore|iPhoneSimulator.ActiveCfg = Debug|Any CPU
		{ABCB9D7B-E5CC-4C0E-8DDC-9E638D243590}.AppStore|iPhoneSimulator.Build.0 = Debug|Any CPU
		{ABCB9D7B-E5CC-4C0E-8DDC-9E638D243590}.AppStore|iPhoneSimulator.Deploy.0 = Debug|Any CPU
		{ABCB9D7B-E5CC-4C0E-8DDC-9E638D243590}.Debug|Any CPU.ActiveCfg = Debug|Any CPU
		{ABCB9D7B-E5CC-4C0E-8DDC-9E638D243590}.Debug|Any CPU.Build.0 = Debug|Any CPU
		{ABCB9D7B-E5CC-4C0E-8DDC-9E638D243590}.Debug|Any CPU.Deploy.0 = Debug|Any CPU
		{ABCB9D7B-E5CC-4C0E-8DDC-9E638D243590}.Debug|iPhone.ActiveCfg = Debug|Any CPU
		{ABCB9D7B-E5CC-4C0E-8DDC-9E638D243590}.Debug|iPhone.Build.0 = Debug|Any CPU
		{ABCB9D7B-E5CC-4C0E-8DDC-9E638D243590}.Debug|iPhone.Deploy.0 = Debug|Any CPU
		{ABCB9D7B-E5CC-4C0E-8DDC-9E638D243590}.Debug|iPhoneSimulator.ActiveCfg = Debug|Any CPU
		{ABCB9D7B-E5CC-4C0E-8DDC-9E638D243590}.Debug|iPhoneSimulator.Build.0 = Debug|Any CPU
		{ABCB9D7B-E5CC-4C0E-8DDC-9E638D243590}.Debug|iPhoneSimulator.Deploy.0 = Debug|Any CPU
		{ABCB9D7B-E5CC-4C0E-8DDC-9E638D243590}.Release|Any CPU.ActiveCfg = Release|Any CPU
		{ABCB9D7B-E5CC-4C0E-8DDC-9E638D243590}.Release|Any CPU.Build.0 = Release|Any CPU
		{ABCB9D7B-E5CC-4C0E-8DDC-9E638D243590}.Release|Any CPU.Deploy.0 = Release|Any CPU
		{ABCB9D7B-E5CC-4C0E-8DDC-9E638D243590}.Release|iPhone.ActiveCfg = Release|Any CPU
		{ABCB9D7B-E5CC-4C0E-8DDC-9E638D243590}.Release|iPhone.Build.0 = Release|Any CPU
		{ABCB9D7B-E5CC-4C0E-8DDC-9E638D243590}.Release|iPhone.Deploy.0 = Release|Any CPU
		{ABCB9D7B-E5CC-4C0E-8DDC-9E638D243590}.Release|iPhoneSimulator.ActiveCfg = Release|Any CPU
		{ABCB9D7B-E5CC-4C0E-8DDC-9E638D243590}.Release|iPhoneSimulator.Build.0 = Release|Any CPU
		{ABCB9D7B-E5CC-4C0E-8DDC-9E638D243590}.Release|iPhoneSimulator.Deploy.0 = Release|Any CPU
		{A58EA0EB-20AD-4235-A0F1-8F8EC1899889}.Ad-Hoc|Any CPU.ActiveCfg = Release|Any CPU
		{A58EA0EB-20AD-4235-A0F1-8F8EC1899889}.Ad-Hoc|Any CPU.Build.0 = Release|Any CPU
		{A58EA0EB-20AD-4235-A0F1-8F8EC1899889}.Ad-Hoc|iPhone.ActiveCfg = Release|Any CPU
		{A58EA0EB-20AD-4235-A0F1-8F8EC1899889}.Ad-Hoc|iPhone.Build.0 = Release|Any CPU
		{A58EA0EB-20AD-4235-A0F1-8F8EC1899889}.Ad-Hoc|iPhoneSimulator.ActiveCfg = Release|Any CPU
		{A58EA0EB-20AD-4235-A0F1-8F8EC1899889}.Ad-Hoc|iPhoneSimulator.Build.0 = Release|Any CPU
		{A58EA0EB-20AD-4235-A0F1-8F8EC1899889}.AppStore|Any CPU.ActiveCfg = Release|Any CPU
		{A58EA0EB-20AD-4235-A0F1-8F8EC1899889}.AppStore|Any CPU.Build.0 = Release|Any CPU
		{A58EA0EB-20AD-4235-A0F1-8F8EC1899889}.AppStore|iPhone.ActiveCfg = Release|Any CPU
		{A58EA0EB-20AD-4235-A0F1-8F8EC1899889}.AppStore|iPhone.Build.0 = Release|Any CPU
		{A58EA0EB-20AD-4235-A0F1-8F8EC1899889}.AppStore|iPhoneSimulator.ActiveCfg = Release|Any CPU
		{A58EA0EB-20AD-4235-A0F1-8F8EC1899889}.AppStore|iPhoneSimulator.Build.0 = Release|Any CPU
		{A58EA0EB-20AD-4235-A0F1-8F8EC1899889}.Debug|Any CPU.ActiveCfg = Debug|Any CPU
		{A58EA0EB-20AD-4235-A0F1-8F8EC1899889}.Debug|Any CPU.Build.0 = Debug|Any CPU
		{A58EA0EB-20AD-4235-A0F1-8F8EC1899889}.Debug|iPhone.ActiveCfg = Debug|Any CPU
		{A58EA0EB-20AD-4235-A0F1-8F8EC1899889}.Debug|iPhone.Build.0 = Debug|Any CPU
		{A58EA0EB-20AD-4235-A0F1-8F8EC1899889}.Debug|iPhoneSimulator.ActiveCfg = Debug|Any CPU
		{A58EA0EB-20AD-4235-A0F1-8F8EC1899889}.Debug|iPhoneSimulator.Build.0 = Debug|Any CPU
		{A58EA0EB-20AD-4235-A0F1-8F8EC1899889}.Release|Any CPU.ActiveCfg = Release|Any CPU
		{A58EA0EB-20AD-4235-A0F1-8F8EC1899889}.Release|Any CPU.Build.0 = Release|Any CPU
		{A58EA0EB-20AD-4235-A0F1-8F8EC1899889}.Release|iPhone.ActiveCfg = Release|Any CPU
		{A58EA0EB-20AD-4235-A0F1-8F8EC1899889}.Release|iPhone.Build.0 = Release|Any CPU
		{A58EA0EB-20AD-4235-A0F1-8F8EC1899889}.Release|iPhoneSimulator.ActiveCfg = Release|Any CPU
		{A58EA0EB-20AD-4235-A0F1-8F8EC1899889}.Release|iPhoneSimulator.Build.0 = Release|Any CPU
	EndGlobalSection
	GlobalSection(SolutionProperties) = preSolution
		HideSolutionNode = FALSE
	EndGlobalSection
	GlobalSection(ExtensibilityGlobals) = postSolution
		SolutionGuid = {3B972CA7-AB30-492B-90BE-09709F06B518}
	EndGlobalSection
EndGlobal
