
Microsoft Visual Studio Solution File, Format Version 12.00
# Visual Studio 15
VisualStudioVersion = 15.0.28307.421
MinimumVisualStudioVersion = 10.0.40219.1
Project("{FAE04EC0-301F-11D3-BF4B-00C04F79EFBC}") = "NZTravel.Android", "NZTravel\NZTravel.Android\NZTravel.Android.csproj", "{26DBF69C-1CD9-44BD-B697-EE0F7AFF1D22}"
EndProject
Project("{FAE04EC0-301F-11D3-BF4B-00C04F79EFBC}") = "NZTravel.iOS", "NZTravel\NZTravel.iOS\NZTravel.iOS.csproj", "{60C22AEC-DAB5-4F80-AB03-EF56F742D8BA}"
EndProject
Project("{FAE04EC0-301F-11D3-BF4B-00C04F79EFBC}") = "NZTravel", "NZTravel\NZTravel\NZTravel.csproj", "{9E786627-25D1-4EF5-AF76-7BC0278E7659}"
EndProject
Global
	GlobalSection(SolutionConfigurationPlatforms) = preSolution
		Ad-Hoc|Any CPU = Ad-Hoc|Any CPU
		Ad-Hoc|iPhone = Ad-Hoc|iPhone
		Ad-Hoc|iPhoneSimulator = Ad-Hoc|iPhoneSimulator
		AppStore|Any CPU = AppStore|Any CPU
		AppStore|iPhone = AppStore|iPhone
		AppStore|iPhoneSimulator = AppStore|iPhoneSimulator
		Debug|Any CPU = Debug|Any CPU
		Debug|iPhone = Debug|iPhone
		Debug|iPhoneSimulator = Debug|iPhoneSimulator
		Release|Any CPU = Release|Any CPU
		Release|iPhone = Release|iPhone
		Release|iPhoneSimulator = Release|iPhoneSimulator
	EndGlobalSection
	GlobalSection(ProjectConfigurationPlatforms) = postSolution
		{26DBF69C-1CD9-44BD-B697-EE0F7AFF1D22}.Ad-Hoc|Any CPU.ActiveCfg = Release|Any CPU
		{26DBF69C-1CD9-44BD-B697-EE0F7AFF1D22}.Ad-Hoc|Any CPU.Build.0 = Release|Any CPU
		{26DBF69C-1CD9-44BD-B697-EE0F7AFF1D22}.Ad-Hoc|Any CPU.Deploy.0 = Release|Any CPU
		{26DBF69C-1CD9-44BD-B697-EE0F7AFF1D22}.Ad-Hoc|iPhone.ActiveCfg = Release|Any CPU
		{26DBF69C-1CD9-44BD-B697-EE0F7AFF1D22}.Ad-Hoc|iPhone.Build.0 = Release|Any CPU
		{26DBF69C-1CD9-44BD-B697-EE0F7AFF1D22}.Ad-Hoc|iPhone.Deploy.0 = Release|Any CPU
		{26DBF69C-1CD9-44BD-B697-EE0F7AFF1D22}.Ad-Hoc|iPhoneSimulator.ActiveCfg = Release|Any CPU
		{26DBF69C-1CD9-44BD-B697-EE0F7AFF1D22}.Ad-Hoc|iPhoneSimulator.Build.0 = Release|Any CPU
		{26DBF69C-1CD9-44BD-B697-EE0F7AFF1D22}.Ad-Hoc|iPhoneSimulator.Deploy.0 = Release|Any CPU
		{26DBF69C-1CD9-44BD-B697-EE0F7AFF1D22}.AppStore|Any CPU.ActiveCfg = Release|Any CPU
		{26DBF69C-1CD9-44BD-B697-EE0F7AFF1D22}.AppStore|Any CPU.Build.0 = Release|Any CPU
		{26DBF69C-1CD9-44BD-B697-EE0F7AFF1D22}.AppStore|Any CPU.Deploy.0 = Release|Any CPU
		{26DBF69C-1CD9-44BD-B697-EE0F7AFF1D22}.AppStore|iPhone.ActiveCfg = Release|Any CPU
		{26DBF69C-1CD9-44BD-B697-EE0F7AFF1D22}.AppStore|iPhone.Build.0 = Release|Any CPU
		{26DBF69C-1CD9-44BD-B697-EE0F7AFF1D22}.AppStore|iPhone.Deploy.0 = Release|Any CPU
		{26DBF69C-1CD9-44BD-B697-EE0F7AFF1D22}.AppStore|iPhoneSimulator.ActiveCfg = Release|Any CPU
		{26DBF69C-1CD9-44BD-B697-EE0F7AFF1D22}.AppStore|iPhoneSimulator.Build.0 = Release|Any CPU
		{26DBF69C-1CD9-44BD-B697-EE0F7AFF1D22}.AppStore|iPhoneSimulator.Deploy.0 = Release|Any CPU
		{26DBF69C-1CD9-44BD-B697-EE0F7AFF1D22}.Debug|Any CPU.ActiveCfg = Debug|Any CPU
		{26DBF69C-1CD9-44BD-B697-EE0F7AFF1D22}.Debug|Any CPU.Build.0 = Debug|Any CPU
		{26DBF69C-1CD9-44BD-B697-EE0F7AFF1D22}.Debug|Any CPU.Deploy.0 = Debug|Any CPU
		{26DBF69C-1CD9-44BD-B697-EE0F7AFF1D22}.Debug|iPhone.ActiveCfg = Debug|Any CPU
		{26DBF69C-1CD9-44BD-B697-EE0F7AFF1D22}.Debug|iPhone.Build.0 = Debug|Any CPU
		{26DBF69C-1CD9-44BD-B697-EE0F7AFF1D22}.Debug|iPhone.Deploy.0 = Debug|Any CPU
		{26DBF69C-1CD9-44BD-B697-EE0F7AFF1D22}.Debug|iPhoneSimulator.ActiveCfg = Debug|Any CPU
		{26DBF69C-1CD9-44BD-B697-EE0F7AFF1D22}.Debug|iPhoneSimulator.Build.0 = Debug|Any CPU
		{26DBF69C-1CD9-44BD-B697-EE0F7AFF1D22}.Debug|iPhoneSimulator.Deploy.0 = Debug|Any CPU
		{26DBF69C-1CD9-44BD-B697-EE0F7AFF1D22}.Release|Any CPU.ActiveCfg = Release|Any CPU
		{26DBF69C-1CD9-44BD-B697-EE0F7AFF1D22}.Release|Any CPU.Build.0 = Release|Any CPU
		{26DBF69C-1CD9-44BD-B697-EE0F7AFF1D22}.Release|Any CPU.Deploy.0 = Release|Any CPU
		{26DBF69C-1CD9-44BD-B697-EE0F7AFF1D22}.Release|iPhone.ActiveCfg = Release|Any CPU
		{26DBF69C-1CD9-44BD-B697-EE0F7AFF1D22}.Release|iPhone.Build.0 = Release|Any CPU
		{26DBF69C-1CD9-44BD-B697-EE0F7AFF1D22}.Release|iPhone.Deploy.0 = Release|Any CPU
		{26DBF69C-1CD9-44BD-B697-EE0F7AFF1D22}.Release|iPhoneSimulator.ActiveCfg = Release|Any CPU
		{26DBF69C-1CD9-44BD-B697-EE0F7AFF1D22}.Release|iPhoneSimulator.Build.0 = Release|Any CPU
		{26DBF69C-1CD9-44BD-B697-EE0F7AFF1D22}.Release|iPhoneSimulator.Deploy.0 = Release|Any CPU
		{60C22AEC-DAB5-4F80-AB03-EF56F742D8BA}.Ad-Hoc|Any CPU.ActiveCfg = Ad-Hoc|iPhone
		{60C22AEC-DAB5-4F80-AB03-EF56F742D8BA}.Ad-Hoc|Any CPU.Build.0 = Ad-Hoc|iPhone
		{60C22AEC-DAB5-4F80-AB03-EF56F742D8BA}.Ad-Hoc|Any CPU.Deploy.0 = Ad-Hoc|iPhone
		{60C22AEC-DAB5-4F80-AB03-EF56F742D8BA}.Ad-Hoc|iPhone.ActiveCfg = Ad-Hoc|iPhone
		{60C22AEC-DAB5-4F80-AB03-EF56F742D8BA}.Ad-Hoc|iPhone.Build.0 = Ad-Hoc|iPhone
		{60C22AEC-DAB5-4F80-AB03-EF56F742D8BA}.Ad-Hoc|iPhone.Deploy.0 = Ad-Hoc|iPhone
		{60C22AEC-DAB5-4F80-AB03-EF56F742D8BA}.Ad-Hoc|iPhoneSimulator.ActiveCfg = Ad-Hoc|iPhoneSimulator
		{60C22AEC-DAB5-4F80-AB03-EF56F742D8BA}.Ad-Hoc|iPhoneSimulator.Build.0 = Ad-Hoc|iPhoneSimulator
		{60C22AEC-DAB5-4F80-AB03-EF56F742D8BA}.Ad-Hoc|iPhoneSimulator.Deploy.0 = Ad-Hoc|iPhoneSimulator
		{60C22AEC-DAB5-4F80-AB03-EF56F742D8BA}.AppStore|Any CPU.ActiveCfg = AppStore|iPhone
		{60C22AEC-DAB5-4F80-AB03-EF56F742D8BA}.AppStore|Any CPU.Build.0 = AppStore|iPhone
		{60C22AEC-DAB5-4F80-AB03-EF56F742D8BA}.AppStore|Any CPU.Deploy.0 = AppStore|iPhone
		{60C22AEC-DAB5-4F80-AB03-EF56F742D8BA}.AppStore|iPhone.ActiveCfg = AppStore|iPhone
		{60C22AEC-DAB5-4F80-AB03-EF56F742D8BA}.AppStore|iPhone.Build.0 = AppStore|iPhone
		{60C22AEC-DAB5-4F80-AB03-EF56F742D8BA}.AppStore|iPhone.Deploy.0 = AppStore|iPhone
		{60C22AEC-DAB5-4F80-AB03-EF56F742D8BA}.AppStore|iPhoneSimulator.ActiveCfg = AppStore|iPhoneSimulator
		{60C22AEC-DAB5-4F80-AB03-EF56F742D8BA}.AppStore|iPhoneSimulator.Build.0 = AppStore|iPhoneSimulator
		{60C22AEC-DAB5-4F80-AB03-EF56F742D8BA}.AppStore|iPhoneSimulator.Deploy.0 = AppStore|iPhoneSimulator
		{60C22AEC-DAB5-4F80-AB03-EF56F742D8BA}.Debug|Any CPU.ActiveCfg = Debug|iPhoneSimulator
		{60C22AEC-DAB5-4F80-AB03-EF56F742D8BA}.Debug|Any CPU.Build.0 = Debug|iPhoneSimulator
		{60C22AEC-DAB5-4F80-AB03-EF56F742D8BA}.Debug|Any CPU.Deploy.0 = Debug|iPhoneSimulator
		{60C22AEC-DAB5-4F80-AB03-EF56F742D8BA}.Debug|iPhone.ActiveCfg = Debug|iPhone
		{60C22AEC-DAB5-4F80-AB03-EF56F742D8BA}.Debug|iPhone.Build.0 = Debug|iPhone
		{60C22AEC-DAB5-4F80-AB03-EF56F742D8BA}.Debug|iPhone.Deploy.0 = Debug|iPhone
		{60C22AEC-DAB5-4F80-AB03-EF56F742D8BA}.Debug|iPhoneSimulator.ActiveCfg = Debug|iPhoneSimulator
		{60C22AEC-DAB5-4F80-AB03-EF56F742D8BA}.Debug|iPhoneSimulator.Build.0 = Debug|iPhoneSimulator
		{60C22AEC-DAB5-4F80-AB03-EF56F742D8BA}.Debug|iPhoneSimulator.Deploy.0 = Debug|iPhoneSimulator
		{60C22AEC-DAB5-4F80-AB03-EF56F742D8BA}.Release|Any CPU.ActiveCfg = Release|iPhone
		{60C22AEC-DAB5-4F80-AB03-EF56F742D8BA}.Release|Any CPU.Build.0 = Release|iPhone
		{60C22AEC-DAB5-4F80-AB03-EF56F742D8BA}.Release|Any CPU.Deploy.0 = Release|iPhone
		{60C22AEC-DAB5-4F80-AB03-EF56F742D8BA}.Release|iPhone.ActiveCfg = Release|iPhone
		{60C22AEC-DAB5-4F80-AB03-EF56F742D8BA}.Release|iPhone.Build.0 = Release|iPhone
		{60C22AEC-DAB5-4F80-AB03-EF56F742D8BA}.Release|iPhone.Deploy.0 = Release|iPhone
		{60C22AEC-DAB5-4F80-AB03-EF56F742D8BA}.Release|iPhoneSimulator.ActiveCfg = Release|iPhoneSimulator
		{60C22AEC-DAB5-4F80-AB03-EF56F742D8BA}.Release|iPhoneSimulator.Build.0 = Release|iPhoneSimulator
		{60C22AEC-DAB5-4F80-AB03-EF56F742D8BA}.Release|iPhoneSimulator.Deploy.0 = Release|iPhoneSimulator
		{9E786627-25D1-4EF5-AF76-7BC0278E7659}.Ad-Hoc|Any CPU.ActiveCfg = Debug|Any CPU
		{9E786627-25D1-4EF5-AF76-7BC0278E7659}.Ad-Hoc|Any CPU.Build.0 = Debug|Any CPU
		{9E786627-25D1-4EF5-AF76-7BC0278E7659}.Ad-Hoc|Any CPU.Deploy.0 = Debug|Any CPU
		{9E786627-25D1-4EF5-AF76-7BC0278E7659}.Ad-Hoc|iPhone.ActiveCfg = Debug|Any CPU
		{9E786627-25D1-4EF5-AF76-7BC0278E7659}.Ad-Hoc|iPhone.Build.0 = Debug|Any CPU
		{9E786627-25D1-4EF5-AF76-7BC0278E7659}.Ad-Hoc|iPhone.Deploy.0 = Debug|Any CPU
		{9E786627-25D1-4EF5-AF76-7BC0278E7659}.Ad-Hoc|iPhoneSimulator.ActiveCfg = Debug|Any CPU
		{9E786627-25D1-4EF5-AF76-7BC0278E7659}.Ad-Hoc|iPhoneSimulator.Build.0 = Debug|Any CPU
		{9E786627-25D1-4EF5-AF76-7BC0278E7659}.Ad-Hoc|iPhoneSimulator.Deploy.0 = Debug|Any CPU
		{9E786627-25D1-4EF5-AF76-7BC0278E7659}.AppStore|Any CPU.ActiveCfg = Debug|Any CPU
		{9E786627-25D1-4EF5-AF76-7BC0278E7659}.AppStore|Any CPU.Build.0 = Debug|Any CPU
		{9E786627-25D1-4EF5-AF76-7BC0278E7659}.AppStore|Any CPU.Deploy.0 = Debug|Any CPU
		{9E786627-25D1-4EF5-AF76-7BC0278E7659}.AppStore|iPhone.ActiveCfg = Debug|Any CPU
		{9E786627-25D1-4EF5-AF76-7BC0278E7659}.AppStore|iPhone.Build.0 = Debug|Any CPU
		{9E786627-25D1-4EF5-AF76-7BC0278E7659}.AppStore|iPhone.Deploy.0 = Debug|Any CPU
		{9E786627-25D1-4EF5-AF76-7BC0278E7659}.AppStore|iPhoneSimulator.ActiveCfg = Debug|Any CPU
		{9E786627-25D1-4EF5-AF76-7BC0278E7659}.AppStore|iPhoneSimulator.Build.0 = Debug|Any CPU
		{9E786627-25D1-4EF5-AF76-7BC0278E7659}.AppStore|iPhoneSimulator.Deploy.0 = Debug|Any CPU
		{9E786627-25D1-4EF5-AF76-7BC0278E7659}.Debug|Any CPU.ActiveCfg = Debug|Any CPU
		{9E786627-25D1-4EF5-AF76-7BC0278E7659}.Debug|Any CPU.Build.0 = Debug|Any CPU
		{9E786627-25D1-4EF5-AF76-7BC0278E7659}.Debug|Any CPU.Deploy.0 = Debug|Any CPU
		{9E786627-25D1-4EF5-AF76-7BC0278E7659}.Debug|iPhone.ActiveCfg = Debug|Any CPU
		{9E786627-25D1-4EF5-AF76-7BC0278E7659}.Debug|iPhone.Build.0 = Debug|Any CPU
		{9E786627-25D1-4EF5-AF76-7BC0278E7659}.Debug|iPhone.Deploy.0 = Debug|Any CPU
		{9E786627-25D1-4EF5-AF76-7BC0278E7659}.Debug|iPhoneSimulator.ActiveCfg = Debug|Any CPU
		{9E786627-25D1-4EF5-AF76-7BC0278E7659}.Debug|iPhoneSimulator.Build.0 = Debug|Any CPU
		{9E786627-25D1-4EF5-AF76-7BC0278E7659}.Debug|iPhoneSimulator.Deploy.0 = Debug|Any CPU
		{9E786627-25D1-4EF5-AF76-7BC0278E7659}.Release|Any CPU.ActiveCfg = Release|Any CPU
		{9E786627-25D1-4EF5-AF76-7BC0278E7659}.Release|Any CPU.Build.0 = Release|Any CPU
		{9E786627-25D1-4EF5-AF76-7BC0278E7659}.Release|Any CPU.Deploy.0 = Release|Any CPU
		{9E786627-25D1-4EF5-AF76-7BC0278E7659}.Release|iPhone.ActiveCfg = Release|Any CPU
		{9E786627-25D1-4EF5-AF76-7BC0278E7659}.Release|iPhone.Build.0 = Release|Any CPU
		{9E786627-25D1-4EF5-AF76-7BC0278E7659}.Release|iPhone.Deploy.0 = Release|Any CPU
		{9E786627-25D1-4EF5-AF76-7BC0278E7659}.Release|iPhoneSimulator.ActiveCfg = Release|Any CPU
		{9E786627-25D1-4EF5-AF76-7BC0278E7659}.Release|iPhoneSimulator.Build.0 = Release|Any CPU
		{9E786627-25D1-4EF5-AF76-7BC0278E7659}.Release|iPhoneSimulator.Deploy.0 = Release|Any CPU
	EndGlobalSection
	GlobalSection(SolutionProperties) = preSolution
		HideSolutionNode = FALSE
	EndGlobalSection
	GlobalSection(ExtensibilityGlobals) = postSolution
		SolutionGuid = {E04893E5-B41B-4128-97B4-613E3AF2578E}
	EndGlobalSection
EndGlobal
